{
  "name": "hcubesim",
  "version": "0.0.0",
  "lockfileVersion": 1,
  "requires": true,
  "dependencies": {
    "alg": {
      "version": "0.1.5",
      "resolved": "https://registry.npmjs.org/alg/-/alg-0.1.5.tgz",
      "integrity": "sha1-S0ACsFxbPk3q2H7MfyECJyEj2Ps="
    },
    "cube-simian": {
      "version": "0.0.3",
      "resolved": "https://registry.npmjs.org/cube-simian/-/cube-simian-0.0.3.tgz",
      "integrity": "sha1-wlNOBtjhMOHSd2MhiFPrGZjWwrU=",
      "requires": {
        "alg": "0.1.5"
      }
    }
  }
}
